
Microsoft Visual Studio Solution File, Format Version 12.00
# Visual Studio Version 17
VisualStudioVersion = 17.9.34622.214
MinimumVisualStudioVersion = 10.0.40219.1
Project("{FAE04EC0-301F-11D3-BF4B-00C04F79EFBC}") = "Delegate-Task", "Delegate-Task\Delegate-Task.csproj", "{02FD35CB-667E-4BA3-A9A6-C100B06CE502}"
EndProject
Global
	GlobalSection(SolutionConfigurationPlatforms) = preSolution
		Debug|Any CPU = Debug|Any CPU
		Release|Any CPU = Release|Any CPU
	EndGlobalSection
	GlobalSection(ProjectConfigurationPlatforms) = postSolution
		{02FD35CB-667E-4BA3-A9A6-C100B06CE502}.Debug|Any CPU.ActiveCfg = Debug|Any CPU
		{02FD35CB-667E-4BA3-A9A6-C100B06CE502}.Debug|Any CPU.Build.0 = Debug|Any CPU
		{02FD35CB-667E-4BA3-A9A6-C100B06CE502}.Release|Any CPU.ActiveCfg = Release|Any CPU
		{02FD35CB-667E-4BA3-A9A6-C100B06CE502}.Release|Any CPU.Build.0 = Release|Any CPU
	EndGlobalSection
	GlobalSection(SolutionProperties) = preSolution
		HideSolutionNode = FALSE
	EndGlobalSection
	GlobalSection(ExtensibilityGlobals) = postSolution
		SolutionGuid = {2F71CA44-C36D-47FB-AB9A-BAFDBDDBFB4C}
	EndGlobalSection
EndGlobal
